// !$*UTF8*$!
{
	archiveVersion = 1;
	classes = {
	};
	objectVersion = 46;
	objects = {

/* Begin PBXBuildFile section */
		2827B2031E271B2400842D83 /* XMPlayerVC.m in Sources */ = {isa = PBXBuildFile; fileRef = 2827B2011E271B2400842D83 /* XMPlayerVC.m */; };
		2827B2041E271B2400842D83 /* XMPlayerVC.xib in Resources */ = {isa = PBXBuildFile; fileRef = 2827B2021E271B2400842D83 /* XMPlayerVC.xib */; };
		2827B2061E271E5600842D83 /* 720.png in Resources */ = {isa = PBXBuildFile; fileRef = 2827B2051E271E5600842D83 /* 720.png */; };
		2827B2091E272EAD00842D83 /* XMMeterTool.m in Sources */ = {isa = PBXBuildFile; fileRef = 2827B2081E272EAD00842D83 /* XMMeterTool.m */; };
		2827B20C1E27316B00842D83 /* XMMeterModel.m in Sources */ = {isa = PBXBuildFile; fileRef = 2827B20B1E27316B00842D83 /* XMMeterModel.m */; };
		2827B20F1E2732CA00842D83 /* XMMeterView.m in Sources */ = {isa = PBXBuildFile; fileRef = 2827B20E1E2732CA00842D83 /* XMMeterView.m */; };
		2890B98D1E7A7569000059AC /* Podfile in Resources */ = {isa = PBXBuildFile; fileRef = 2890B98C1E7A7569000059AC /* Podfile */; };
		2890B9921E7A774C000059AC /* XMSound.m in Sources */ = {isa = PBXBuildFile; fileRef = 2890B9911E7A774C000059AC /* XMSound.m */; };
		28BF62E11E7F79BF0024E880 /* XMFileTool.m in Sources */ = {isa = PBXBuildFile; fileRef = 28BF62E01E7F79BF0024E880 /* XMFileTool.m */; };
		28E3C04E1E2358B100F2B347 /* main.m in Sources */ = {isa = PBXBuildFile; fileRef = 28E3C04D1E2358B100F2B347 /* main.m */; };
		28E3C0511E2358B100F2B347 /* AppDelegate.m in Sources */ = {isa = PBXBuildFile; fileRef = 28E3C0501E2358B100F2B347 /* AppDelegate.m */; };
		28E3C0541E2358B100F2B347 /* ViewController.m in Sources */ = {isa = PBXBuildFile; fileRef = 28E3C0531E2358B100F2B347 /* ViewController.m */; };
		28E3C0571E2358B100F2B347 /* Main.storyboard in Resources */ = {isa = PBXBuildFile; fileRef = 28E3C0551E2358B100F2B347 /* Main.storyboard */; };
		28E3C0591E2358B100F2B347 /* Assets.xcassets in Resources */ = {isa = PBXBuildFile; fileRef = 28E3C0581E2358B100F2B347 /* Assets.xcassets */; };
		28E3C05C1E2358B100F2B347 /* LaunchScreen.storyboard in Resources */ = {isa = PBXBuildFile; fileRef = 28E3C05A1E2358B100F2B347 /* LaunchScreen.storyboard */; };
		28E3C0671E2358B100F2B347 /* AVFoundation__Tests.m in Sources */ = {isa = PBXBuildFile; fileRef = 28E3C0661E2358B100F2B347 /* AVFoundation__Tests.m */; };
		28E3C0721E2358B100F2B347 /* AVFoundation__UITests.m in Sources */ = {isa = PBXBuildFile; fileRef = 28E3C0711E2358B100F2B347 /* AVFoundation__UITests.m */; };
		28E3C0841E23890C00F2B347 /* 720_1280.png in Resources */ = {isa = PBXBuildFile; fileRef = 28E3C0831E23890C00F2B347 /* 720_1280.png */; };
		28F284711E26311100A94ACD /* XMFileManager.m in Sources */ = {isa = PBXBuildFile; fileRef = 28F284701E26311100A94ACD /* XMFileManager.m */; };
		28F284781E26363E00A94ACD /* XMReodeLisVC.m in Sources */ = {isa = PBXBuildFile; fileRef = 28F284761E26363E00A94ACD /* XMReodeLisVC.m */; };
		28F284791E26363E00A94ACD /* XMReodeLisVC.xib in Resources */ = {isa = PBXBuildFile; fileRef = 28F284771E26363E00A94ACD /* XMReodeLisVC.xib */; };
		28F2847D1E2637FD00A94ACD /* XMCell.m in Sources */ = {isa = PBXBuildFile; fileRef = 28F2847B1E2637FD00A94ACD /* XMCell.m */; };
		28F2847E1E2637FD00A94ACD /* XMCell.xib in Resources */ = {isa = PBXBuildFile; fileRef = 28F2847C1E2637FD00A94ACD /* XMCell.xib */; };
		28F284811E263F0300A94ACD /* XMModel.m in Sources */ = {isa = PBXBuildFile; fileRef = 28F284801E263F0300A94ACD /* XMModel.m */; };
		AB049825E4FAF8AC65B4BB6B /* libPods-AVFoundation学习.a in Frameworks */ = {isa = PBXBuildFile; fileRef = 381402B834F2330FE8DD42B1 /* libPods-AVFoundation学习.a */; };
/* End PBXBuildFile section */

/* Begin PBXContainerItemProxy section */
		28E3C0631E2358B100F2B347 /* PBXContainerItemProxy */ = {
			isa = PBXContainerItemProxy;
			containerPortal = 28E3C0411E2358B100F2B347 /* Project object */;
			proxyType = 1;
			remoteGlobalIDString = 28E3C0481E2358B100F2B347;
			remoteInfo = "AVFoundation学习";
		};
		28E3C06E1E2358B100F2B347 /* PBXContainerItemProxy */ = {
			isa = PBXContainerItemProxy;
			containerPortal = 28E3C0411E2358B100F2B347 /* Project object */;
			proxyType = 1;
			remoteGlobalIDString = 28E3C0481E2358B100F2B347;
			remoteInfo = "AVFoundation学习";
		};
/* End PBXContainerItemProxy section */

/* Begin PBXFileReference section */
		2827B2001E271B2400842D83 /* XMPlayerVC.h */ = {isa = PBXFileReference; fileEncoding = 4; lastKnownFileType = sourcecode.c.h; name = XMPlayerVC.h; path = ../XMPlayerVC.h; sourceTree = "<group>"; };
		2827B2011E271B2400842D83 /* XMPlayerVC.m */ = {isa = PBXFileReference; fileEncoding = 4; lastKnownFileType = sourcecode.c.objc; name = XMPlayerVC.m; path = ../XMPlayerVC.m; sourceTree = "<group>"; };
		2827B2021E271B2400842D83 /* XMPlayerVC.xib */ = {isa = PBXFileReference; fileEncoding = 4; lastKnownFileType = file.xib; name = XMPlayerVC.xib; path = ../XMPlayerVC.xib; sourceTree = "<group>"; };
		2827B2051E271E5600842D83 /* 720.png */ = {isa = PBXFileReference; lastKnownFileType = image.png; path = 720.png; sourceTree = "<group>"; };
		2827B2071E272EAD00842D83 /* XMMeterTool.h */ = {isa = PBXFileReference; fileEncoding = 4; lastKnownFileType = sourcecode.c.h; name = XMMeterTool.h; path = ../XMMeterTool.h; sourceTree = "<group>"; };
		2827B2081E272EAD00842D83 /* XMMeterTool.m */ = {isa = PBXFileReference; fileEncoding = 4; lastKnownFileType = sourcecode.c.objc; name = XMMeterTool.m; path = ../XMMeterTool.m; sourceTree = "<group>"; };
		2827B20A1E27316B00842D83 /* XMMeterModel.h */ = {isa = PBXFileReference; fileEncoding = 4; lastKnownFileType = sourcecode.c.h; name = XMMeterModel.h; path = ../XMMeterModel.h; sourceTree = "<group>"; };
		2827B20B1E27316B00842D83 /* XMMeterModel.m */ = {isa = PBXFileReference; fileEncoding = 4; lastKnownFileType = sourcecode.c.objc; name = XMMeterModel.m; path = ../XMMeterModel.m; sourceTree = "<group>"; };
		2827B20D1E2732CA00842D83 /* XMMeterView.h */ = {isa = PBXFileReference; fileEncoding = 4; lastKnownFileType = sourcecode.c.h; name = XMMeterView.h; path = ../XMMeterView.h; sourceTree = "<group>"; };
		2827B20E1E2732CA00842D83 /* XMMeterView.m */ = {isa = PBXFileReference; fileEncoding = 4; lastKnownFileType = sourcecode.c.objc; name = XMMeterView.m; path = ../XMMeterView.m; sourceTree = "<group>"; };
		2890B98C1E7A7569000059AC /* Podfile */ = {isa = PBXFileReference; fileEncoding = 4; lastKnownFileType = text; path = Podfile; sourceTree = "<group>"; };
		2890B9901E7A774C000059AC /* XMSound.h */ = {isa = PBXFileReference; fileEncoding = 4; lastKnownFileType = sourcecode.c.h; path = XMSound.h; sourceTree = "<group>"; };
		2890B9911E7A774C000059AC /* XMSound.m */ = {isa = PBXFileReference; fileEncoding = 4; lastKnownFileType = sourcecode.c.objc; path = XMSound.m; sourceTree = "<group>"; };
		28BF62DF1E7F79BF0024E880 /* XMFileTool.h */ = {isa = PBXFileReference; fileEncoding = 4; lastKnownFileType = sourcecode.c.h; path = XMFileTool.h; sourceTree = "<group>"; };
		28BF62E01E7F79BF0024E880 /* XMFileTool.m */ = {isa = PBXFileReference; fileEncoding = 4; lastKnownFileType = sourcecode.c.objc; path = XMFileTool.m; sourceTree = "<group>"; };
		28E3C0491E2358B100F2B347 /* AVFoundation学习.app */ = {isa = PBXFileReference; explicitFileType = wrapper.application; includeInIndex = 0; path = "AVFoundation学习.app"; sourceTree = BUILT_PRODUCTS_DIR; };
		28E3C04D1E2358B100F2B347 /* main.m */ = {isa = PBXFileReference; lastKnownFileType = sourcecode.c.objc; path = main.m; sourceTree = "<group>"; };
		28E3C04F1E2358B100F2B347 /* AppDelegate.h */ = {isa = PBXFileReference; lastKnownFileType = sourcecode.c.h; path = AppDelegate.h; sourceTree = "<group>"; };
		28E3C0501E2358B100F2B347 /* AppDelegate.m */ = {isa = PBXFileReference; lastKnownFileType = sourcecode.c.objc; path = AppDelegate.m; sourceTree = "<group>"; };
		28E3C0521E2358B100F2B347 /* ViewController.h */ = {isa = PBXFileReference; lastKnownFileType = sourcecode.c.h; name = ViewController.h; path = ../ViewController.h; sourceTree = "<group>"; };
		28E3C0531E2358B100F2B347 /* ViewController.m */ = {isa = PBXFileReference; lastKnownFileType = sourcecode.c.objc; name = ViewController.m; path = ../ViewController.m; sourceTree = "<group>"; };
		28E3C0561E2358B100F2B347 /* Base */ = {isa = PBXFileReference; lastKnownFileType = file.storyboard; name = Base; path = Base.lproj/Main.storyboard; sourceTree = "<group>"; };
		28E3C0581E2358B100F2B347 /* Assets.xcassets */ = {isa = PBXFileReference; lastKnownFileType = folder.assetcatalog; path = Assets.xcassets; sourceTree = "<group>"; };
		28E3C05B1E2358B100F2B347 /* Base */ = {isa = PBXFileReference; lastKnownFileType = file.storyboard; name = Base; path = Base.lproj/LaunchScreen.storyboard; sourceTree = "<group>"; };
		28E3C05D1E2358B100F2B347 /* Info.plist */ = {isa = PBXFileReference; lastKnownFileType = text.plist.xml; path = Info.plist; sourceTree = "<group>"; };
		28E3C0621E2358B100F2B347 /* AVFoundation学习Tests.xctest */ = {isa = PBXFileReference; explicitFileType = wrapper.cfbundle; includeInIndex = 0; path = "AVFoundation学习Tests.xctest"; sourceTree = BUILT_PRODUCTS_DIR; };
		28E3C0661E2358B100F2B347 /* AVFoundation__Tests.m */ = {isa = PBXFileReference; lastKnownFileType = sourcecode.c.objc; path = AVFoundation__Tests.m; sourceTree = "<group>"; };
		28E3C0681E2358B100F2B347 /* Info.plist */ = {isa = PBXFileReference; lastKnownFileType = text.plist.xml; path = Info.plist; sourceTree = "<group>"; };
		28E3C06D1E2358B100F2B347 /* AVFoundation学习UITests.xctest */ = {isa = PBXFileReference; explicitFileType = wrapper.cfbundle; includeInIndex = 0; path = "AVFoundation学习UITests.xctest"; sourceTree = BUILT_PRODUCTS_DIR; };
		28E3C0711E2358B100F2B347 /* AVFoundation__UITests.m */ = {isa = PBXFileReference; lastKnownFileType = sourcecode.c.objc; path = AVFoundation__UITests.m; sourceTree = "<group>"; };
		28E3C0731E2358B100F2B347 /* Info.plist */ = {isa = PBXFileReference; lastKnownFileType = text.plist.xml; path = Info.plist; sourceTree = "<group>"; };
		28E3C0831E23890C00F2B347 /* 720_1280.png */ = {isa = PBXFileReference; lastKnownFileType = image.png; path = 720_1280.png; sourceTree = "<group>"; };
		28F2846F1E26311100A94ACD /* XMFileManager.h */ = {isa = PBXFileReference; fileEncoding = 4; lastKnownFileType = sourcecode.c.h; name = XMFileManager.h; path = ../XMFileManager.h; sourceTree = "<group>"; };
		28F284701E26311100A94ACD /* XMFileManager.m */ = {isa = PBXFileReference; fileEncoding = 4; lastKnownFileType = sourcecode.c.objc; name = XMFileManager.m; path = ../XMFileManager.m; sourceTree = "<group>"; };
		28F284751E26363E00A94ACD /* XMReodeLisVC.h */ = {isa = PBXFileReference; fileEncoding = 4; lastKnownFileType = sourcecode.c.h; name = XMReodeLisVC.h; path = ../XMReodeLisVC.h; sourceTree = "<group>"; };
		28F284761E26363E00A94ACD /* XMReodeLisVC.m */ = {isa = PBXFileReference; fileEncoding = 4; lastKnownFileType = sourcecode.c.objc; name = XMReodeLisVC.m; path = ../XMReodeLisVC.m; sourceTree = "<group>"; };
		28F284771E26363E00A94ACD /* XMReodeLisVC.xib */ = {isa = PBXFileReference; fileEncoding = 4; lastKnownFileType = file.xib; name = XMReodeLisVC.xib; path = ../XMReodeLisVC.xib; sourceTree = "<group>"; };
		28F2847A1E2637FD00A94ACD /* XMCell.h */ = {isa = PBXFileReference; fileEncoding = 4; lastKnownFileType = sourcecode.c.h; name = XMCell.h; path = ../XMCell.h; sourceTree = "<group>"; };
		28F2847B1E2637FD00A94ACD /* XMCell.m */ = {isa = PBXFileReference; fileEncoding = 4; lastKnownFileType = sourcecode.c.objc; name = XMCell.m; path = ../XMCell.m; sourceTree = "<group>"; };
		28F2847C1E2637FD00A94ACD /* XMCell.xib */ = {isa = PBXFileReference; fileEncoding = 4; lastKnownFileType = file.xib; name = XMCell.xib; path = ../XMCell.xib; sourceTree = "<group>"; };
		28F2847F1E263F0300A94ACD /* XMModel.h */ = {isa = PBXFileReference; fileEncoding = 4; lastKnownFileType = sourcecode.c.h; name = XMModel.h; path = ../XMModel.h; sourceTree = "<group>"; };
		28F284801E263F0300A94ACD /* XMModel.m */ = {isa = PBXFileReference; fileEncoding = 4; lastKnownFileType = sourcecode.c.objc; name = XMModel.m; path = ../XMModel.m; sourceTree = "<group>"; };
		381402B834F2330FE8DD42B1 /* libPods-AVFoundation学习.a */ = {isa = PBXFileReference; explicitFileType = archive.ar; includeInIndex = 0; path = "libPods-AVFoundation学习.a"; sourceTree = BUILT_PRODUCTS_DIR; };
		7A05E738422ACBB878866E96 /* Pods-AVFoundation学习.release.xcconfig */ = {isa = PBXFileReference; includeInIndex = 1; lastKnownFileType = text.xcconfig; name = "Pods-AVFoundation学习.release.xcconfig"; path = "Pods/Target Support Files/Pods-AVFoundation学习/Pods-AVFoundation学习.release.xcconfig"; sourceTree = "<group>"; };
		F44ABA07CB84C57480FFEC53 /* Pods-AVFoundation学习.debug.xcconfig */ = {isa = PBXFileReference; includeInIndex = 1; lastKnownFileType = text.xcconfig; name = "Pods-AVFoundation学习.debug.xcconfig"; path = "Pods/Target Support Files/Pods-AVFoundation学习/Pods-AVFoundation学习.debug.xcconfig"; sourceTree = "<group>"; };
/* End PBXFileReference section */

/* Begin PBXFrameworksBuildPhase section */
		28E3C0461E2358B100F2B347 /* Frameworks */ = {
			isa = PBXFrameworksBuildPhase;
			buildActionMask = 2147483647;
			files = (
				AB049825E4FAF8AC65B4BB6B /* libPods-AVFoundation学习.a in Frameworks */,
			);
			runOnlyForDeploymentPostprocessing = 0;
		};
		28E3C05F1E2358B100F2B347 /* Frameworks */ = {
			isa = PBXFrameworksBuildPhase;
			buildActionMask = 2147483647;
			files = (
			);
			runOnlyForDeploymentPostprocessing = 0;
		};
		28E3C06A1E2358B100F2B347 /* Frameworks */ = {
			isa = PBXFrameworksBuildPhase;
			buildActionMask = 2147483647;
			files = (
			);
			runOnlyForDeploymentPostprocessing = 0;
		};
/* End PBXFrameworksBuildPhase section */

/* Begin PBXGroup section */
		0AE382E5E38EB314C9C09D0E /* Frameworks */ = {
			isa = PBXGroup;
			children = (
				381402B834F2330FE8DD42B1 /* libPods-AVFoundation学习.a */,
			);
			name = Frameworks;
			sourceTree = "<group>";
		};
		2890B98E1E7A75F4000059AC /* Recorder */ = {
			isa = PBXGroup;
			children = (
				28E3C0521E2358B100F2B347 /* ViewController.h */,
				28E3C0531E2358B100F2B347 /* ViewController.m */,
				28E3C0551E2358B100F2B347 /* Main.storyboard */,
				28F284751E26363E00A94ACD /* XMReodeLisVC.h */,
				28F284761E26363E00A94ACD /* XMReodeLisVC.m */,
				28F284771E26363E00A94ACD /* XMReodeLisVC.xib */,
				28F2847A1E2637FD00A94ACD /* XMCell.h */,
				28F2847B1E2637FD00A94ACD /* XMCell.m */,
				28F2847C1E2637FD00A94ACD /* XMCell.xib */,
				28F2847F1E263F0300A94ACD /* XMModel.h */,
				28F284801E263F0300A94ACD /* XMModel.m */,
				2827B2001E271B2400842D83 /* XMPlayerVC.h */,
				2827B2011E271B2400842D83 /* XMPlayerVC.m */,
				2827B2021E271B2400842D83 /* XMPlayerVC.xib */,
				2827B2071E272EAD00842D83 /* XMMeterTool.h */,
				2827B2081E272EAD00842D83 /* XMMeterTool.m */,
				2827B20A1E27316B00842D83 /* XMMeterModel.h */,
				2827B20B1E27316B00842D83 /* XMMeterModel.m */,
				2827B20D1E2732CA00842D83 /* XMMeterView.h */,
				2827B20E1E2732CA00842D83 /* XMMeterView.m */,
				28F2846F1E26311100A94ACD /* XMFileManager.h */,
				28F284701E26311100A94ACD /* XMFileManager.m */,
				28BF62DF1E7F79BF0024E880 /* XMFileTool.h */,
				28BF62E01E7F79BF0024E880 /* XMFileTool.m */,
			);
			path = Recorder;
			sourceTree = "<group>";
		};
		2890B98F1E7A76A7000059AC /* RealmTool */ = {
			isa = PBXGroup;
			children = (
				2890B9901E7A774C000059AC /* XMSound.h */,
				2890B9911E7A774C000059AC /* XMSound.m */,
			);
			path = RealmTool;
			sourceTree = "<group>";
		};
		28E3C0401E2358B100F2B347 = {
			isa = PBXGroup;
			children = (
				2890B98C1E7A7569000059AC /* Podfile */,
				28E3C04B1E2358B100F2B347 /* AVFoundation学习 */,
				28E3C0651E2358B100F2B347 /* AVFoundation学习Tests */,
				28E3C0701E2358B100F2B347 /* AVFoundation学习UITests */,
				28E3C04A1E2358B100F2B347 /* Products */,
				774CC2463A4B110C0CAA356D /* Pods */,
				0AE382E5E38EB314C9C09D0E /* Frameworks */,
			);
			sourceTree = "<group>";
		};
		28E3C04A1E2358B100F2B347 /* Products */ = {
			isa = PBXGroup;
			children = (
				28E3C0491E2358B100F2B347 /* AVFoundation学习.app */,
				28E3C0621E2358B100F2B347 /* AVFoundation学习Tests.xctest */,
				28E3C06D1E2358B100F2B347 /* AVFoundation学习UITests.xctest */,
			);
			name = Products;
			sourceTree = "<group>";
		};
		28E3C04B1E2358B100F2B347 /* AVFoundation学习 */ = {
			isa = PBXGroup;
			children = (
				2890B98F1E7A76A7000059AC /* RealmTool */,
				2890B98E1E7A75F4000059AC /* Recorder */,
				28E3C04C1E2358B100F2B347 /* Supporting Files */,
			);
			path = "AVFoundation学习";
			sourceTree = "<group>";
		};
		28E3C04C1E2358B100F2B347 /* Supporting Files */ = {
			isa = PBXGroup;
			children = (
				2827B2051E271E5600842D83 /* 720.png */,
				28E3C0831E23890C00F2B347 /* 720_1280.png */,
				28E3C04F1E2358B100F2B347 /* AppDelegate.h */,
				28E3C0501E2358B100F2B347 /* AppDelegate.m */,
				28E3C0581E2358B100F2B347 /* Assets.xcassets */,
				28E3C05A1E2358B100F2B347 /* LaunchScreen.storyboard */,
				28E3C05D1E2358B100F2B347 /* Info.plist */,
				28E3C04D1E2358B100F2B347 /* main.m */,
			);
			name = "Supporting Files";
			sourceTree = "<group>";
		};
		28E3C0651E2358B100F2B347 /* AVFoundation学习Tests */ = {
			isa = PBXGroup;
			children = (
				28E3C0661E2358B100F2B347 /* AVFoundation__Tests.m */,
				28E3C0681E2358B100F2B347 /* Info.plist */,
			);
			path = "AVFoundation学习Tests";
			sourceTree = "<group>";
		};
		28E3C0701E2358B100F2B347 /* AVFoundation学习UITests */ = {
			isa = PBXGroup;
			children = (
				28E3C0711E2358B100F2B347 /* AVFoundation__UITests.m */,
				28E3C0731E2358B100F2B347 /* Info.plist */,
			);
			path = "AVFoundation学习UITests";
			sourceTree = "<group>";
		};
		774CC2463A4B110C0CAA356D /* Pods */ = {
			isa = PBXGroup;
			children = (
				F44ABA07CB84C57480FFEC53 /* Pods-AVFoundation学习.debug.xcconfig */,
				7A05E738422ACBB878866E96 /* Pods-AVFoundation学习.release.xcconfig */,
			);
			name = Pods;
			sourceTree = "<group>";
		};
/* End PBXGroup section */

/* Begin PBXNativeTarget section */
		28E3C0481E2358B100F2B347 /* AVFoundation学习 */ = {
			isa = PBXNativeTarget;
			buildConfigurationList = 28E3C0761E2358B100F2B347 /* Build configuration list for PBXNativeTarget "AVFoundation学习" */;
			buildPhases = (
				C6DAE3B410A55FF3E22E4956 /* [CP] Check Pods Manifest.lock */,
				28E3C0451E2358B100F2B347 /* Sources */,
				28E3C0461E2358B100F2B347 /* Frameworks */,
				28E3C0471E2358B100F2B347 /* Resources */,
				3A6AC2687AF809D9CDC83B83 /* [CP] Embed Pods Frameworks */,
				D22F95392C73EDFE8760BC88 /* [CP] Copy Pods Resources */,
			);
			buildRules = (
			);
			dependencies = (
			);
			name = "AVFoundation学习";
			productName = "AVFoundation学习";
			productReference = 28E3C0491E2358B100F2B347 /* AVFoundation学习.app */;
			productType = "com.apple.product-type.application";
		};
		28E3C0611E2358B100F2B347 /* AVFoundation学习Tests */ = {
			isa = PBXNativeTarget;
			buildConfigurationList = 28E3C0791E2358B100F2B347 /* Build configuration list for PBXNativeTarget "AVFoundation学习Tests" */;
			buildPhases = (
				28E3C05E1E2358B100F2B347 /* Sources */,
				28E3C05F1E2358B100F2B347 /* Frameworks */,
				28E3C0601E2358B100F2B347 /* Resources */,
			);
			buildRules = (
			);
			dependencies = (
				28E3C0641E2358B100F2B347 /* PBXTargetDependency */,
			);
			name = "AVFoundation学习Tests";
			productName = "AVFoundation学习Tests";
			productReference = 28E3C0621E2358B100F2B347 /* AVFoundation学习Tests.xctest */;
			productType = "com.apple.product-type.bundle.unit-test";
		};
		28E3C06C1E2358B100F2B347 /* AVFoundation学习UITests */ = {
			isa = PBXNativeTarget;
			buildConfigurationList = 28E3C07C1E2358B100F2B347 /* Build configuration list for PBXNativeTarget "AVFoundation学习UITests" */;
			buildPhases = (
				28E3C0691E2358B100F2B347 /* Sources */,
				28E3C06A1E2358B100F2B347 /* Frameworks */,
				28E3C06B1E2358B100F2B347 /* Resources */,
			);
			buildRules = (
			);
			dependencies = (
				28E3C06F1E2358B100F2B347 /* PBXTargetDependency */,
			);
			name = "AVFoundation学习UITests";
			productName = "AVFoundation学习UITests";
			productReference = 28E3C06D1E2358B100F2B347 /* AVFoundation学习UITests.xctest */;
			productType = "com.apple.product-type.bundle.ui-testing";
		};
/* End PBXNativeTarget section */

/* Begin PBXProject section */
		28E3C0411E2358B100F2B347 /* Project object */ = {
			isa = PBXProject;
			attributes = {
				LastUpgradeCheck = 0800;
				ORGANIZATIONNAME = RenXiangDong;
				TargetAttributes = {
					28E3C0481E2358B100F2B347 = {
						CreatedOnToolsVersion = 8.0;
						DevelopmentTeam = J56NWSKHS7;
						ProvisioningStyle = Manual;
					};
					28E3C0611E2358B100F2B347 = {
						CreatedOnToolsVersion = 8.0;
						ProvisioningStyle = Automatic;
						TestTargetID = 28E3C0481E2358B100F2B347;
					};
					28E3C06C1E2358B100F2B347 = {
						CreatedOnToolsVersion = 8.0;
						ProvisioningStyle = Automatic;
						TestTargetID = 28E3C0481E2358B100F2B347;
					};
				};
			};
			buildConfigurationList = 28E3C0441E2358B100F2B347 /* Build configuration list for PBXProject "AVFoundation学习" */;
			compatibilityVersion = "Xcode 3.2";
			developmentRegion = English;
			hasScannedForEncodings = 0;
			knownRegions = (
				en,
				Base,
			);
			mainGroup = 28E3C0401E2358B100F2B347;
			productRefGroup = 28E3C04A1E2358B100F2B347 /* Products */;
			projectDirPath = "";
			projectRoot = "";
			targets = (
				28E3C0481E2358B100F2B347 /* AVFoundation学习 */,
				28E3C0611E2358B100F2B347 /* AVFoundation学习Tests */,
				28E3C06C1E2358B100F2B347 /* AVFoundation学习UITests */,
			);
		};
/* End PBXProject section */

/* Begin PBXResourcesBuildPhase section */
		28E3C0471E2358B100F2B347 /* Resources */ = {
			isa = PBXResourcesBuildPhase;
			buildActionMask = 2147483647;
			files = (
				28F2847E1E2637FD00A94ACD /* XMCell.xib in Resources */,
				28F284791E26363E00A94ACD /* XMReodeLisVC.xib in Resources */,
				28E3C05C1E2358B100F2B347 /* LaunchScreen.storyboard in Resources */,
				2827B2061E271E5600842D83 /* 720.png in Resources */,
				2827B2041E271B2400842D83 /* XMPlayerVC.xib in Resources */,
				28E3C0591E2358B100F2B347 /* Assets.xcassets in Resources */,
				2890B98D1E7A7569000059AC /* Podfile in Resources */,
				28E3C0841E23890C00F2B347 /* 720_1280.png in Resources */,
				28E3C0571E2358B100F2B347 /* Main.storyboard in Resources */,
			);
			runOnlyForDeploymentPostprocessing = 0;
		};
		28E3C0601E2358B100F2B347 /* Resources */ = {
			isa = PBXResourcesBuildPhase;
			buildActionMask = 2147483647;
			files = (
			);
			runOnlyForDeploymentPostprocessing = 0;
		};
		28E3C06B1E2358B100F2B347 /* Resources */ = {
			isa = PBXResourcesBuildPhase;
			buildActionMask = 2147483647;
			files = (
			);
			runOnlyForDeploymentPostprocessing = 0;
		};
/* End PBXResourcesBuildPhase section */

/* Begin PBXShellScriptBuildPhase section */
		3A6AC2687AF809D9CDC83B83 /* [CP] Embed Pods Frameworks */ = {
			isa = PBXShellScriptBuildPhase;
			buildActionMask = 2147483647;
			files = (
			);
			inputPaths = (
			);
			name = "[CP] Embed Pods Frameworks";
			outputPaths = (
			);
			runOnlyForDeploymentPostprocessing = 0;
			shellPath = /bin/sh;
			shellScript = "\"${SRCROOT}/Pods/Target Support Files/Pods-AVFoundation学习/Pods-AVFoundation学习-frameworks.sh\"\n";
			showEnvVarsInLog = 0;
		};
		C6DAE3B410A55FF3E22E4956 /* [CP] Check Pods Manifest.lock */ = {
			isa = PBXShellScriptBuildPhase;
			buildActionMask = 2147483647;
			files = (
			);
			inputPaths = (
			);
			name = "[CP] Check Pods Manifest.lock";
			outputPaths = (
			);
			runOnlyForDeploymentPostprocessing = 0;
			shellPath = /bin/sh;
			shellScript = "diff \"${PODS_ROOT}/../Podfile.lock\" \"${PODS_ROOT}/Manifest.lock\" > /dev/null\nif [ $? != 0 ] ; then\n    # print error to STDERR\n    echo \"error: The sandbox is not in sync with the Podfile.lock. Run 'pod install' or update your CocoaPods installation.\" >&2\n    exit 1\nfi\n";
			showEnvVarsInLog = 0;
		};
		D22F95392C73EDFE8760BC88 /* [CP] Copy Pods Resources */ = {
			isa = PBXShellScriptBuildPhase;
			buildActionMask = 2147483647;
			files = (
			);
			inputPaths = (
			);
			name = "[CP] Copy Pods Resources";
			outputPaths = (
			);
			runOnlyForDeploymentPostprocessing = 0;
			shellPath = /bin/sh;
			shellScript = "\"${SRCROOT}/Pods/Target Support Files/Pods-AVFoundation学习/Pods-AVFoundation学习-resources.sh\"\n";
			showEnvVarsInLog = 0;
		};
/* End PBXShellScriptBuildPhase section */

/* Begin PBXSourcesBuildPhase section */
		28E3C0451E2358B100F2B347 /* Sources */ = {
			isa = PBXSourcesBuildPhase;
			buildActionMask = 2147483647;
			files = (
				28F284811E263F0300A94ACD /* XMModel.m in Sources */,
				28E3C0541E2358B100F2B347 /* ViewController.m in Sources */,
				2827B2091E272EAD00842D83 /* XMMeterTool.m in Sources */,
				2827B2031E271B2400842D83 /* XMPlayerVC.m in Sources */,
				28E3C0511E2358B100F2B347 /* AppDelegate.m in Sources */,
				2827B20F1E2732CA00842D83 /* XMMeterView.m in Sources */,
				28F2847D1E2637FD00A94ACD /* XMCell.m in Sources */,
				28BF62E11E7F79BF0024E880 /* XMFileTool.m in Sources */,
				2827B20C1E27316B00842D83 /* XMMeterModel.m in Sources */,
				28F284781E26363E00A94ACD /* XMReodeLisVC.m in Sources */,
				28F284711E26311100A94ACD /* XMFileManager.m in Sources */,
				2890B9921E7A774C000059AC /* XMSound.m in Sources */,
				28E3C04E1E2358B100F2B347 /* main.m in Sources */,
			);
			runOnlyForDeploymentPostprocessing = 0;
		};
		28E3C05E1E2358B100F2B347 /* Sources */ = {
			isa = PBXSourcesBuildPhase;
			buildActionMask = 2147483647;
			files = (
				28E3C0671E2358B100F2B347 /* AVFoundation__Tests.m in Sources */,
			);
			runOnlyForDeploymentPostprocessing = 0;
		};
		28E3C0691E2358B100F2B347 /* Sources */ = {
			isa = PBXSourcesBuildPhase;
			buildActionMask = 2147483647;
			files = (
				28E3C0721E2358B100F2B347 /* AVFoundation__UITests.m in Sources */,
			);
			runOnlyForDeploymentPostprocessing = 0;
		};
/* End PBXSourcesBuildPhase section */

/* Begin PBXTargetDependency section */
		28E3C0641E2358B100F2B347 /* PBXTargetDependency */ = {
			isa = PBXTargetDependency;
			target = 28E3C0481E2358B100F2B347 /* AVFoundation学习 */;
			targetProxy = 28E3C0631E2358B100F2B347 /* PBXContainerItemProxy */;
		};
		28E3C06F1E2358B100F2B347 /* PBXTargetDependency */ = {
			isa = PBXTargetDependency;
			target = 28E3C0481E2358B100F2B347 /* AVFoundation学习 */;
			targetProxy = 28E3C06E1E2358B100F2B347 /* PBXContainerItemProxy */;
		};
/* End PBXTargetDependency section */

/* Begin PBXVariantGroup section */
		28E3C0551E2358B100F2B347 /* Main.storyboard */ = {
			isa = PBXVariantGroup;
			children = (
				28E3C0561E2358B100F2B347 /* Base */,
			);
			name = Main.storyboard;
			path = ..;
			sourceTree = "<group>";
		};
		28E3C05A1E2358B100F2B347 /* LaunchScreen.storyboard */ = {
			isa = PBXVariantGroup;
			children = (
				28E3C05B1E2358B100F2B347 /* Base */,
			);
			name = LaunchScreen.storyboard;
			sourceTree = "<group>";
		};
/* End PBXVariantGroup section */

/* Begin XCBuildConfiguration section */
		28E3C0741E2358B100F2B347 /* Debug */ = {
			isa = XCBuildConfiguration;
			buildSettings = {
				ALWAYS_SEARCH_USER_PATHS = NO;
				CLANG_ANALYZER_NONNULL = YES;
				CLANG_CXX_LANGUAGE_STANDARD = "gnu++0x";
				CLANG_CXX_LIBRARY = "libc++";
				CLANG_ENABLE_MODULES = YES;
				CLANG_ENABLE_OBJC_ARC = YES;
				CLANG_WARN_BOOL_CONVERSION = YES;
				CLANG_WARN_CONSTANT_CONVERSION = YES;
				CLANG_WARN_DIRECT_OBJC_ISA_USAGE = YES_ERROR;
				CLANG_WARN_DOCUMENTATION_COMMENTS = YES;
				CLANG_WARN_EMPTY_BODY = YES;
				CLANG_WARN_ENUM_CONVERSION = YES;
				CLANG_WARN_INFINITE_RECURSION = YES;
				CLANG_WARN_INT_CONVERSION = YES;
				CLANG_WARN_OBJC_ROOT_CLASS = YES_ERROR;
				CLANG_WARN_SUSPICIOUS_MOVES = YES;
				CLANG_WARN_UNREACHABLE_CODE = YES;
				CLANG_WARN__DUPLICATE_METHOD_MATCH = YES;
				"CODE_SIGN_IDENTITY[sdk=iphoneos*]" = "iPhone Developer";
				COPY_PHASE_STRIP = NO;
				DEBUG_INFORMATION_FORMAT = dwarf;
				ENABLE_STRICT_OBJC_MSGSEND = YES;
				ENABLE_TESTABILITY = YES;
				GCC_C_LANGUAGE_STANDARD = gnu99;
				GCC_DYNAMIC_NO_PIC = NO;
				GCC_NO_COMMON_BLOCKS = YES;
				GCC_OPTIMIZATION_LEVEL = 0;
				GCC_PREPROCESSOR_DEFINITIONS = (
					"DEBUG=1",
					"$(inherited)",
				);
				GCC_WARN_64_TO_32_BIT_CONVERSION = YES;
				GCC_WARN_ABOUT_RETURN_TYPE = YES_ERROR;
				GCC_WARN_UNDECLARED_SELECTOR = YES;
				GCC_WARN_UNINITIALIZED_AUTOS = YES_AGGRESSIVE;
				GCC_WARN_UNUSED_FUNCTION = YES;
				GCC_WARN_UNUSED_VARIABLE = YES;
				IPHONEOS_DEPLOYMENT_TARGET = 10.0;
				MTL_ENABLE_DEBUG_INFO = YES;
				ONLY_ACTIVE_ARCH = YES;
				SDKROOT = iphoneos;
			};
			name = Debug;
		};
		28E3C0751E2358B100F2B347 /* Release */ = {
			isa = XCBuildConfiguration;
			buildSettings = {
				ALWAYS_SEARCH_USER_PATHS = NO;
				CLANG_ANALYZER_NONNULL = YES;
				CLANG_CXX_LANGUAGE_STANDARD = "gnu++0x";
				CLANG_CXX_LIBRARY = "libc++";
				CLANG_ENABLE_MODULES = YES;
				CLANG_ENABLE_OBJC_ARC = YES;
				CLANG_WARN_BOOL_CONVERSION = YES;
				CLANG_WARN_CONSTANT_CONVERSION = YES;
				CLANG_WARN_DIRECT_OBJC_ISA_USAGE = YES_ERROR;
				CLANG_WARN_DOCUMENTATION_COMMENTS = YES;
				CLANG_WARN_EMPTY_BODY = YES;
				CLANG_WARN_ENUM_CONVERSION = YES;
				CLANG_WARN_INFINITE_RECURSION = YES;
				CLANG_WARN_INT_CONVERSION = YES;
				CLANG_WARN_OBJC_ROOT_CLASS = YES_ERROR;
				CLANG_WARN_SUSPICIOUS_MOVES = YES;
				CLANG_WARN_UNREACHABLE_CODE = YES;
				CLANG_WARN__DUPLICATE_METHOD_MATCH = YES;
				"CODE_SIGN_IDENTITY[sdk=iphoneos*]" = "iPhone Developer";
				COPY_PHASE_STRIP = NO;
				DEBUG_INFORMATION_FORMAT = "dwarf-with-dsym";
				ENABLE_NS_ASSERTIONS = NO;
				ENABLE_STRICT_OBJC_MSGSEND = YES;
				GCC_C_LANGUAGE_STANDARD = gnu99;
				GCC_NO_COMMON_BLOCKS = YES;
				GCC_WARN_64_TO_32_BIT_CONVERSION = YES;
				GCC_WARN_ABOUT_RETURN_TYPE = YES_ERROR;
				GCC_WARN_UNDECLARED_SELECTOR = YES;
				GCC_WARN_UNINITIALIZED_AUTOS = YES_AGGRESSIVE;
				GCC_WARN_UNUSED_FUNCTION = YES;
				GCC_WARN_UNUSED_VARIABLE = YES;
				IPHONEOS_DEPLOYMENT_TARGET = 10.0;
				MTL_ENABLE_DEBUG_INFO = NO;
				SDKROOT = iphoneos;
				VALIDATE_PRODUCT = YES;
			};
			name = Release;
		};
		28E3C0771E2358B100F2B347 /* Debug */ = {
			isa = XCBuildConfiguration;
			baseConfigurationReference = F44ABA07CB84C57480FFEC53 /* Pods-AVFoundation学习.debug.xcconfig */;
			buildSettings = {
				ASSETCATALOG_COMPILER_APPICON_NAME = AppIcon;
				DEVELOPMENT_TEAM = J56NWSKHS7;
				INFOPLIST_FILE = "AVFoundation学习/Info.plist";
				IPHONEOS_DEPLOYMENT_TARGET = 8.0;
				LD_RUNPATH_SEARCH_PATHS = "$(inherited) @executable_path/Frameworks";
				PRODUCT_BUNDLE_IDENTIFIER = "XM.AVFoundation--";
				PRODUCT_NAME = "$(TARGET_NAME)";
				PROVISIONING_PROFILE = "91e6ccac-da55-4367-b2f8-2619a15dac68";
				PROVISIONING_PROFILE_SPECIFIER = Wildcard_Dev_Profile;
			};
			name = Debug;
		};
		28E3C0781E2358B100F2B347 /* Release */ = {
			isa = XCBuildConfiguration;
			baseConfigurationReference = 7A05E738422ACBB878866E96 /* Pods-AVFoundation学习.release.xcconfig */;
			buildSettings = {
				ASSETCATALOG_COMPILER_APPICON_NAME = AppIcon;
				DEVELOPMENT_TEAM = J56NWSKHS7;
				INFOPLIST_FILE = "AVFoundation学习/Info.plist";
				IPHONEOS_DEPLOYMENT_TARGET = 8.0;
				LD_RUNPATH_SEARCH_PATHS = "$(inherited) @executable_path/Frameworks";
				PRODUCT_BUNDLE_IDENTIFIER = "XM.AVFoundation--";
				PRODUCT_NAME = "$(TARGET_NAME)";
				PROVISIONING_PROFILE = "91e6ccac-da55-4367-b2f8-2619a15dac68";
				PROVISIONING_PROFILE_SPECIFIER = Wildcard_Dev_Profile;
			};
			name = Release;
		};
		28E3C07A1E2358B100F2B347 /* Debug */ = {
			isa = XCBuildConfiguration;
			buildSettings = {
				BUNDLE_LOADER = "$(TEST_HOST)";
				INFOPLIST_FILE = "AVFoundation学习Tests/Info.plist";
				LD_RUNPATH_SEARCH_PATHS = "$(inherited) @executable_path/Frameworks @loader_path/Frameworks";
				PRODUCT_BUNDLE_IDENTIFIER = "XM.AVFoundation--Tests";
				PRODUCT_NAME = "$(TARGET_NAME)";
				TEST_HOST = "$(BUILT_PRODUCTS_DIR)/AVFoundation学习.app/AVFoundation学习";
			};
			name = Debug;
		};
		28E3C07B1E2358B100F2B347 /* Release */ = {
			isa = XCBuildConfiguration;
			buildSettings = {
				BUNDLE_LOADER = "$(TEST_HOST)";
				INFOPLIST_FILE = "AVFoundation学习Tests/Info.plist";
				LD_RUNPATH_SEARCH_PATHS = "$(inherited) @executable_path/Frameworks @loader_path/Frameworks";
				PRODUCT_BUNDLE_IDENTIFIER = "XM.AVFoundation--Tests";
				PRODUCT_NAME = "$(TARGET_NAME)";
				TEST_HOST = "$(BUILT_PRODUCTS_DIR)/AVFoundation学习.app/AVFoundation学习";
			};
			name = Release;
		};
		28E3C07D1E2358B100F2B347 /* Debug */ = {
			isa = XCBuildConfiguration;
			buildSettings = {
				INFOPLIST_FILE = "AVFoundation学习UITests/Info.plist";
				LD_RUNPATH_SEARCH_PATHS = "$(inherited) @executable_path/Frameworks @loader_path/Frameworks";
				PRODUCT_BUNDLE_IDENTIFIER = "XM.AVFoundation--UITests";
				PRODUCT_NAME = "$(TARGET_NAME)";
				TEST_TARGET_NAME = "AVFoundation学习";
			};
			name = Debug;
		};
		28E3C07E1E2358B100F2B347 /* Release */ = {
			isa = XCBuildConfiguration;
			buildSettings = {
				INFOPLIST_FILE = "AVFoundation学习UITests/Info.plist";
				LD_RUNPATH_SEARCH_PATHS = "$(inherited) @executable_path/Frameworks @loader_path/Frameworks";
				PRODUCT_BUNDLE_IDENTIFIER = "XM.AVFoundation--UITests";
				PRODUCT_NAME = "$(TARGET_NAME)";
				TEST_TARGET_NAME = "AVFoundation学习";
			};
			name = Release;
		};
/* End XCBuildConfiguration section */

/* Begin XCConfigurationList section */
		28E3C0441E2358B100F2B347 /* Build configuration list for PBXProject "AVFoundation学习" */ = {
			isa = XCConfigurationList;
			buildConfigurations = (
				28E3C0741E2358B100F2B347 /* Debug */,
				28E3C0751E2358B100F2B347 /* Release */,
			);
			defaultConfigurationIsVisible = 0;
			defaultConfigurationName = Release;
		};
		28E3C0761E2358B100F2B347 /* Build configuration list for PBXNativeTarget "AVFoundation学习" */ = {
			isa = XCConfigurationList;
			buildConfigurations = (
				28E3C0771E2358B100F2B347 /* Debug */,
				28E3C0781E2358B100F2B347 /* Release */,
			);
			defaultConfigurationIsVisible = 0;
			defaultConfigurationName = Release;
		};
		28E3C0791E2358B100F2B347 /* Build configuration list for PBXNativeTarget "AVFoundation学习Tests" */ = {
			isa = XCConfigurationList;
			buildConfigurations = (
				28E3C07A1E2358B100F2B347 /* Debug */,
				28E3C07B1E2358B100F2B347 /* Release */,
			);
			defaultConfigurationIsVisible = 0;
			defaultConfigurationName = Release;
		};
		28E3C07C1E2358B100F2B347 /* Build configuration list for PBXNativeTarget "AVFoundation学习UITests" */ = {
			isa = XCConfigurationList;
			buildConfigurations = (
				28E3C07D1E2358B100F2B347 /* Debug */,
				28E3C07E1E2358B100F2B347 /* Release */,
			);
			defaultConfigurationIsVisible = 0;
			defaultConfigurationName = Release;
		};
/* End XCConfigurationList section */
	};
	rootObject = 28E3C0411E2358B100F2B347 /* Project object */;
}
